
Microsoft Visual Studio Solution File, Format Version 12.00
# Visual Studio Version 17
VisualStudioVersion = 17.2.32505.173
MinimumVisualStudioVersion = 10.0.40219.1
Project("{FAE04EC0-301F-11D3-BF4B-00C04F79EFBC}") = "DIY_Drums", "DIY_Drums\DIY_Drums.csproj", "{FE2788B9-1310-4432-8879-38650CA0FF34}"
EndProject
Global
	GlobalSection(SolutionConfigurationPlatforms) = preSolution
		Debug|Any CPU = Debug|Any CPU
		Release|Any CPU = Release|Any CPU
	EndGlobalSection
	GlobalSection(ProjectConfigurationPlatforms) = postSolution
		{FE2788B9-1310-4432-8879-38650CA0FF34}.Debug|Any CPU.ActiveCfg = Debug|Any CPU
		{FE2788B9-1310-4432-8879-38650CA0FF34}.Debug|Any CPU.Build.0 = Debug|Any CPU
		{FE2788B9-1310-4432-8879-38650CA0FF34}.Release|Any CPU.ActiveCfg = Release|Any CPU
		{FE2788B9-1310-4432-8879-38650CA0FF34}.Release|Any CPU.Build.0 = Release|Any CPU
	EndGlobalSection
	GlobalSection(SolutionProperties) = preSolution
		HideSolutionNode = FALSE
	EndGlobalSection
	GlobalSection(ExtensibilityGlobals) = postSolution
		SolutionGuid = {CD19E4A1-5E69-4DC6-8B0C-81691200160F}
	EndGlobalSection
EndGlobal
